
Microsoft Visual Studio Solution File, Format Version 12.00
# Visual Studio 15
VisualStudioVersion = 15.0.27428.2037
MinimumVisualStudioVersion = 10.0.40219.1
Project("{FAE04EC0-301F-11D3-BF4B-00C04F79EFBC}") = "SportsStore.Domain", "SportsStore.Domain\SportsStore.Domain.csproj", "{1BB8F7C8-053C-441D-ABCA-8C95B70DA511}"
EndProject
Project("{FAE04EC0-301F-11D3-BF4B-00C04F79EFBC}") = "SportsStore.UnitTests", "SportsStore.UnitTests\SportsStore.UnitTests.csproj", "{DD8459DC-262D-48E5-A723-AEFF8C9E6090}"
EndProject
Project("{FAE04EC0-301F-11D3-BF4B-00C04F79EFBC}") = "SportsStore.WebUI", "SportsStore.WebUI\SportsStore.WebUI.csproj", "{70153809-DCB9-4DBE-9237-4F707FB4BDA2}"
EndProject
Global
	GlobalSection(SolutionConfigurationPlatforms) = preSolution
		Debug|Any CPU = Debug|Any CPU
		Release|Any CPU = Release|Any CPU
	EndGlobalSection
	GlobalSection(ProjectConfigurationPlatforms) = postSolution
		{1BB8F7C8-053C-441D-ABCA-8C95B70DA511}.Debug|Any CPU.ActiveCfg = Debug|Any CPU
		{1BB8F7C8-053C-441D-ABCA-8C95B70DA511}.Debug|Any CPU.Build.0 = Debug|Any CPU
		{1BB8F7C8-053C-441D-ABCA-8C95B70DA511}.Release|Any CPU.ActiveCfg = Release|Any CPU
		{1BB8F7C8-053C-441D-ABCA-8C95B70DA511}.Release|Any CPU.Build.0 = Release|Any CPU
		{DD8459DC-262D-48E5-A723-AEFF8C9E6090}.Debug|Any CPU.ActiveCfg = Debug|Any CPU
		{DD8459DC-262D-48E5-A723-AEFF8C9E6090}.Debug|Any CPU.Build.0 = Debug|Any CPU
		{DD8459DC-262D-48E5-A723-AEFF8C9E6090}.Release|Any CPU.ActiveCfg = Release|Any CPU
		{DD8459DC-262D-48E5-A723-AEFF8C9E6090}.Release|Any CPU.Build.0 = Release|Any CPU
		{70153809-DCB9-4DBE-9237-4F707FB4BDA2}.Debug|Any CPU.ActiveCfg = Debug|Any CPU
		{70153809-DCB9-4DBE-9237-4F707FB4BDA2}.Debug|Any CPU.Build.0 = Debug|Any CPU
		{70153809-DCB9-4DBE-9237-4F707FB4BDA2}.Release|Any CPU.ActiveCfg = Release|Any CPU
		{70153809-DCB9-4DBE-9237-4F707FB4BDA2}.Release|Any CPU.Build.0 = Release|Any CPU
	EndGlobalSection
	GlobalSection(SolutionProperties) = preSolution
		HideSolutionNode = FALSE
	EndGlobalSection
	GlobalSection(ExtensibilityGlobals) = postSolution
		SolutionGuid = {2E0DD91F-DE35-4EA0-BCDB-5B2DAF32D2E7}
	EndGlobalSection
EndGlobal
